
Microsoft Visual Studio Solution File, Format Version 12.00
# Visual Studio Version 17
VisualStudioVersion = 17.2.32616.157
MinimumVisualStudioVersion = 10.0.40219.1
Project("{FAE04EC0-301F-11D3-BF4B-00C04F79EFBC}") = "EcoGraph", "EcoGraph\EcoGraph.csproj", "{2DF7B0E4-A180-4172-A61D-3308598AFFFB}"
EndProject
Global
	GlobalSection(SolutionConfigurationPlatforms) = preSolution
		Debug|Any CPU = Debug|Any CPU
		Release|Any CPU = Release|Any CPU
	EndGlobalSection
	GlobalSection(ProjectConfigurationPlatforms) = postSolution
		{2DF7B0E4-A180-4172-A61D-3308598AFFFB}.Debug|Any CPU.ActiveCfg = Debug|Any CPU
		{2DF7B0E4-A180-4172-A61D-3308598AFFFB}.Debug|Any CPU.Build.0 = Debug|Any CPU
		{2DF7B0E4-A180-4172-A61D-3308598AFFFB}.Release|Any CPU.ActiveCfg = Release|Any CPU
		{2DF7B0E4-A180-4172-A61D-3308598AFFFB}.Release|Any CPU.Build.0 = Release|Any CPU
	EndGlobalSection
	GlobalSection(SolutionProperties) = preSolution
		HideSolutionNode = FALSE
	EndGlobalSection
	GlobalSection(ExtensibilityGlobals) = postSolution
		SolutionGuid = {3D703655-B3AA-4366-86FC-1320A08093A2}
	EndGlobalSection
EndGlobal
